// !$*UTF8*$!
{
	archiveVersion = 1;
	classes = {
	};
	objectVersion = 56;
	objects = {

/* Begin PBXBuildFile section */
		150F592B2ACDCFE500F4DC65 /* VictusApp.swift in Sources */ = {isa = PBXBuildFile; fileRef = 150F592A2ACDCFE500F4DC65 /* VictusApp.swift */; };
		150F592D2ACDCFE500F4DC65 /* VictusTabView.swift in Sources */ = {isa = PBXBuildFile; fileRef = 150F592C2ACDCFE500F4DC65 /* VictusTabView.swift */; };
		150F592F2ACDCFE600F4DC65 /* Assets.xcassets in Resources */ = {isa = PBXBuildFile; fileRef = 150F592E2ACDCFE600F4DC65 /* Assets.xcassets */; };
		150F59322ACDCFE600F4DC65 /* Preview Assets.xcassets in Resources */ = {isa = PBXBuildFile; fileRef = 150F59312ACDCFE600F4DC65 /* Preview Assets.xcassets */; };
		152232F72B4BCEB70056B01E /* README.md in Resources */ = {isa = PBXBuildFile; fileRef = 152232F62B4BCEB70056B01E /* README.md */; };
		15453D6E2ACF1ED60030961F /* CreateDietView.swift in Sources */ = {isa = PBXBuildFile; fileRef = 15453D6D2ACF1ED60030961F /* CreateDietView.swift */; };
		15453D702ACF1EEB0030961F /* CalendarView.swift in Sources */ = {isa = PBXBuildFile; fileRef = 15453D6F2ACF1EEB0030961F /* CalendarView.swift */; };
		15453D722ACF1F1C0030961F /* ArticlesListView.swift in Sources */ = {isa = PBXBuildFile; fileRef = 15453D712ACF1F1C0030961F /* ArticlesListView.swift */; };
		156E1CB32B8B24B400F6715C /* Alamofire in Frameworks */ = {isa = PBXBuildFile; productRef = 156E1CB22B8B24B400F6715C /* Alamofire */; };
		15F7E7AD2AE0DCA2003B582F /* ChatView.swift in Sources */ = {isa = PBXBuildFile; fileRef = 15F7E7AC2AE0DCA2003B582F /* ChatView.swift */; };
		15F7E7AF2AE0DCC8003B582F /* ChatViewModel.swift in Sources */ = {isa = PBXBuildFile; fileRef = 15F7E7AE2AE0DCC8003B582F /* ChatViewModel.swift */; };
		15F7E7B12AE0DCE4003B582F /* OpenAIService.swift in Sources */ = {isa = PBXBuildFile; fileRef = 15F7E7B02AE0DCE4003B582F /* OpenAIService.swift */; };
		15F7E7B62AE0DD0C003B582F /* Constants.swift in Sources */ = {isa = PBXBuildFile; fileRef = 15F7E7B52AE0DD0C003B582F /* Constants.swift */; };
/* End PBXBuildFile section */

/* Begin PBXFileReference section */
		150F59272ACDCFE500F4DC65 /* Victus.app */ = {isa = PBXFileReference; explicitFileType = wrapper.application; includeInIndex = 0; path = Victus.app; sourceTree = BUILT_PRODUCTS_DIR; };
		150F592A2ACDCFE500F4DC65 /* VictusApp.swift */ = {isa = PBXFileReference; lastKnownFileType = sourcecode.swift; path = VictusApp.swift; sourceTree = "<group>"; };
		150F592C2ACDCFE500F4DC65 /* VictusTabView.swift */ = {isa = PBXFileReference; lastKnownFileType = sourcecode.swift; path = VictusTabView.swift; sourceTree = "<group>"; };
		150F592E2ACDCFE600F4DC65 /* Assets.xcassets */ = {isa = PBXFileReference; lastKnownFileType = folder.assetcatalog; path = Assets.xcassets; sourceTree = "<group>"; };
		150F59312ACDCFE600F4DC65 /* Preview Assets.xcassets */ = {isa = PBXFileReference; lastKnownFileType = folder.assetcatalog; path = "Preview Assets.xcassets"; sourceTree = "<group>"; };
		152232F62B4BCEB70056B01E /* README.md */ = {isa = PBXFileReference; lastKnownFileType = net.daringfireball.markdown; path = README.md; sourceTree = "<group>"; };
		15453D6D2ACF1ED60030961F /* CreateDietView.swift */ = {isa = PBXFileReference; lastKnownFileType = sourcecode.swift; path = CreateDietView.swift; sourceTree = "<group>"; };
		15453D6F2ACF1EEB0030961F /* CalendarView.swift */ = {isa = PBXFileReference; lastKnownFileType = sourcecode.swift; path = CalendarView.swift; sourceTree = "<group>"; };
		15453D712ACF1F1C0030961F /* ArticlesListView.swift */ = {isa = PBXFileReference; lastKnownFileType = sourcecode.swift; path = ArticlesListView.swift; sourceTree = "<group>"; };
		15F7E7AC2AE0DCA2003B582F /* ChatView.swift */ = {isa = PBXFileReference; lastKnownFileType = sourcecode.swift; path = ChatView.swift; sourceTree = "<group>"; };
		15F7E7AE2AE0DCC8003B582F /* ChatViewModel.swift */ = {isa = PBXFileReference; lastKnownFileType = sourcecode.swift; path = ChatViewModel.swift; sourceTree = "<group>"; };
		15F7E7B02AE0DCE4003B582F /* OpenAIService.swift */ = {isa = PBXFileReference; lastKnownFileType = sourcecode.swift; path = OpenAIService.swift; sourceTree = "<group>"; };
		15F7E7B52AE0DD0C003B582F /* Constants.swift */ = {isa = PBXFileReference; lastKnownFileType = sourcecode.swift; path = Constants.swift; sourceTree = "<group>"; };
/* End PBXFileReference section */

/* Begin PBXFrameworksBuildPhase section */
		150F59242ACDCFE500F4DC65 /* Frameworks */ = {
			isa = PBXFrameworksBuildPhase;
			buildActionMask = 2147483647;
			files = (
				156E1CB32B8B24B400F6715C /* Alamofire in Frameworks */,
			);
			runOnlyForDeploymentPostprocessing = 0;
		};
/* End PBXFrameworksBuildPhase section */

/* Begin PBXGroup section */
		150F591E2ACDCFE500F4DC65 = {
			isa = PBXGroup;
			children = (
				152232F62B4BCEB70056B01E /* README.md */,
				150F59292ACDCFE500F4DC65 /* Victus */,
				150F59282ACDCFE500F4DC65 /* Products */,
				159FA2D62B89CF6C00CBC91D /* Frameworks */,
			);
			sourceTree = "<group>";
		};
		150F59282ACDCFE500F4DC65 /* Products */ = {
			isa = PBXGroup;
			children = (
				150F59272ACDCFE500F4DC65 /* Victus.app */,
			);
			name = Products;
			sourceTree = "<group>";
		};
		150F59292ACDCFE500F4DC65 /* Victus */ = {
			isa = PBXGroup;
			children = (
				150F592A2ACDCFE500F4DC65 /* VictusApp.swift */,
				15F7E7AE2AE0DCC8003B582F /* ChatViewModel.swift */,
				15F7E7B02AE0DCE4003B582F /* OpenAIService.swift */,
				15F7E7B52AE0DD0C003B582F /* Constants.swift */,
				15F7E7AB2AE0DC65003B582F /* Views */,
				150F592E2ACDCFE600F4DC65 /* Assets.xcassets */,
				150F59302ACDCFE600F4DC65 /* Preview Content */,
			);
			path = Victus;
			sourceTree = "<group>";
		};
		150F59302ACDCFE600F4DC65 /* Preview Content */ = {
			isa = PBXGroup;
			children = (
				150F59312ACDCFE600F4DC65 /* Preview Assets.xcassets */,
			);
			path = "Preview Content";
			sourceTree = "<group>";
		};
		159FA2D62B89CF6C00CBC91D /* Frameworks */ = {
			isa = PBXGroup;
			children = (
			);
			name = Frameworks;
			sourceTree = "<group>";
		};
		15F7E7AB2AE0DC65003B582F /* Views */ = {
			isa = PBXGroup;
			children = (
				150F592C2ACDCFE500F4DC65 /* VictusTabView.swift */,
				15453D6D2ACF1ED60030961F /* CreateDietView.swift */,
				15453D6F2ACF1EEB0030961F /* CalendarView.swift */,
				15453D712ACF1F1C0030961F /* ArticlesListView.swift */,
				15F7E7AC2AE0DCA2003B582F /* ChatView.swift */,
			);
			path = Views;
			sourceTree = "<group>";
		};
/* End PBXGroup section */

/* Begin PBXNativeTarget section */
		150F59262ACDCFE500F4DC65 /* Victus */ = {
			isa = PBXNativeTarget;
			buildConfigurationList = 150F59352ACDCFE600F4DC65 /* Build configuration list for PBXNativeTarget "Victus" */;
			buildPhases = (
				150F59232ACDCFE500F4DC65 /* Sources */,
				150F59242ACDCFE500F4DC65 /* Frameworks */,
				150F59252ACDCFE500F4DC65 /* Resources */,
			);
			buildRules = (
			);
			dependencies = (
			);
			name = Victus;
			packageProductDependencies = (
				156E1CB22B8B24B400F6715C /* Alamofire */,
			);
			productName = Victus;
			productReference = 150F59272ACDCFE500F4DC65 /* Victus.app */;
			productType = "com.apple.product-type.application";
		};
/* End PBXNativeTarget section */

/* Begin PBXProject section */
		150F591F2ACDCFE500F4DC65 /* Project object */ = {
			isa = PBXProject;
			attributes = {
				BuildIndependentTargetsInParallel = 1;
				LastSwiftUpdateCheck = 1500;
				LastUpgradeCheck = 1500;
				TargetAttributes = {
					150F59262ACDCFE500F4DC65 = {
						CreatedOnToolsVersion = 15.0;
					};
				};
			};
			buildConfigurationList = 150F59222ACDCFE500F4DC65 /* Build configuration list for PBXProject "Victus" */;
			compatibilityVersion = "Xcode 14.0";
			developmentRegion = en;
			hasScannedForEncodings = 0;
			knownRegions = (
				en,
				Base,
			);
			mainGroup = 150F591E2ACDCFE500F4DC65;
			packageReferences = (
				156E1CB12B8B24B400F6715C /* XCRemoteSwiftPackageReference "Alamofire" */,
			);
			productRefGroup = 150F59282ACDCFE500F4DC65 /* Products */;
			projectDirPath = "";
			projectRoot = "";
			targets = (
				150F59262ACDCFE500F4DC65 /* Victus */,
			);
		};
/* End PBXProject section */

/* Begin PBXResourcesBuildPhase section */
		150F59252ACDCFE500F4DC65 /* Resources */ = {
			isa = PBXResourcesBuildPhase;
			buildActionMask = 2147483647;
			files = (
				152232F72B4BCEB70056B01E /* README.md in Resources */,
				150F59322ACDCFE600F4DC65 /* Preview Assets.xcassets in Resources */,
				150F592F2ACDCFE600F4DC65 /* Assets.xcassets in Resources */,
			);
			runOnlyForDeploymentPostprocessing = 0;
		};
/* End PBXResourcesBuildPhase section */

/* Begin PBXSourcesBuildPhase section */
		150F59232ACDCFE500F4DC65 /* Sources */ = {
			isa = PBXSourcesBuildPhase;
			buildActionMask = 2147483647;
			files = (
				150F592D2ACDCFE500F4DC65 /* VictusTabView.swift in Sources */,
				15F7E7AF2AE0DCC8003B582F /* ChatViewModel.swift in Sources */,
				150F592B2ACDCFE500F4DC65 /* VictusApp.swift in Sources */,
				15F7E7B12AE0DCE4003B582F /* OpenAIService.swift in Sources */,
				15453D702ACF1EEB0030961F /* CalendarView.swift in Sources */,
				15453D6E2ACF1ED60030961F /* CreateDietView.swift in Sources */,
				15F7E7AD2AE0DCA2003B582F /* ChatView.swift in Sources */,
				15453D722ACF1F1C0030961F /* ArticlesListView.swift in Sources */,
				15F7E7B62AE0DD0C003B582F /* Constants.swift in Sources */,
			);
			runOnlyForDeploymentPostprocessing = 0;
		};
/* End PBXSourcesBuildPhase section */

/* Begin XCBuildConfiguration section */
		150F59332ACDCFE600F4DC65 /* Debug */ = {
			isa = XCBuildConfiguration;
			buildSettings = {
				ALWAYS_SEARCH_USER_PATHS = NO;
				ASSETCATALOG_COMPILER_GENERATE_SWIFT_ASSET_SYMBOL_EXTENSIONS = YES;
				CLANG_ANALYZER_NONNULL = YES;
				CLANG_ANALYZER_NUMBER_OBJECT_CONVERSION = YES_AGGRESSIVE;
				CLANG_CXX_LANGUAGE_STANDARD = "gnu++20";
				CLANG_ENABLE_MODULES = YES;
				CLANG_ENABLE_OBJC_ARC = YES;
				CLANG_ENABLE_OBJC_WEAK = YES;
				CLANG_WARN_BLOCK_CAPTURE_AUTORELEASING = YES;
				CLANG_WARN_BOOL_CONVERSION = YES;
				CLANG_WARN_COMMA = YES;
				CLANG_WARN_CONSTANT_CONVERSION = YES;
				CLANG_WARN_DEPRECATED_OBJC_IMPLEMENTATIONS = YES;
				CLANG_WARN_DIRECT_OBJC_ISA_USAGE = YES_ERROR;
				CLANG_WARN_DOCUMENTATION_COMMENTS = YES;
				CLANG_WARN_EMPTY_BODY = YES;
				CLANG_WARN_ENUM_CONVERSION = YES;
				CLANG_WARN_INFINITE_RECURSION = YES;
				CLANG_WARN_INT_CONVERSION = YES;
				CLANG_WARN_NON_LITERAL_NULL_CONVERSION = YES;
				CLANG_WARN_OBJC_IMPLICIT_RETAIN_SELF = YES;
				CLANG_WARN_OBJC_LITERAL_CONVERSION = YES;
				CLANG_WARN_OBJC_ROOT_CLASS = YES_ERROR;
				CLANG_WARN_QUOTED_INCLUDE_IN_FRAMEWORK_HEADER = YES;
				CLANG_WARN_RANGE_LOOP_ANALYSIS = YES;
				CLANG_WARN_STRICT_PROTOTYPES = YES;
				CLANG_WARN_SUSPICIOUS_MOVE = YES;
				CLANG_WARN_UNGUARDED_AVAILABILITY = YES_AGGRESSIVE;
				CLANG_WARN_UNREACHABLE_CODE = YES;
				CLANG_WARN__DUPLICATE_METHOD_MATCH = YES;
				COPY_PHASE_STRIP = NO;
				DEBUG_INFORMATION_FORMAT = dwarf;
				ENABLE_STRICT_OBJC_MSGSEND = YES;
				ENABLE_TESTABILITY = YES;
				ENABLE_USER_SCRIPT_SANDBOXING = YES;
				GCC_C_LANGUAGE_STANDARD = gnu17;
				GCC_DYNAMIC_NO_PIC = NO;
				GCC_NO_COMMON_BLOCKS = YES;
				GCC_OPTIMIZATION_LEVEL = 0;
				GCC_PREPROCESSOR_DEFINITIONS = (
					"DEBUG=1",
					"$(inherited)",
				);
				GCC_WARN_64_TO_32_BIT_CONVERSION = YES;
				GCC_WARN_ABOUT_RETURN_TYPE = YES_ERROR;
				GCC_WARN_UNDECLARED_SELECTOR = YES;
				GCC_WARN_UNINITIALIZED_AUTOS = YES_AGGRESSIVE;
				GCC_WARN_UNUSED_FUNCTION = YES;
				GCC_WARN_UNUSED_VARIABLE = YES;
				IPHONEOS_DEPLOYMENT_TARGET = 17.2;
				LOCALIZATION_PREFERS_STRING_CATALOGS = YES;
				MTL_ENABLE_DEBUG_INFO = INCLUDE_SOURCE;
				MTL_FAST_MATH = YES;
				ONLY_ACTIVE_ARCH = YES;
				SDKROOT = iphoneos;
				SWIFT_ACTIVE_COMPILATION_CONDITIONS = "DEBUG $(inherited)";
				SWIFT_OPTIMIZATION_LEVEL = "-Onone";
			};
			name = Debug;
		};
		150F59342ACDCFE600F4DC65 /* Release */ = {
			isa = XCBuildConfiguration;
			buildSettings = {
				ALWAYS_SEARCH_USER_PATHS = NO;
				ASSETCATALOG_COMPILER_GENERATE_SWIFT_ASSET_SYMBOL_EXTENSIONS = YES;
				CLANG_ANALYZER_NONNULL = YES;
				CLANG_ANALYZER_NUMBER_OBJECT_CONVERSION = YES_AGGRESSIVE;
				CLANG_CXX_LANGUAGE_STANDARD = "gnu++20";
				CLANG_ENABLE_MODULES = YES;
				CLANG_ENABLE_OBJC_ARC = YES;
				CLANG_ENABLE_OBJC_WEAK = YES;
				CLANG_WARN_BLOCK_CAPTURE_AUTORELEASING = YES;
				CLANG_WARN_BOOL_CONVERSION = YES;
				CLANG_WARN_COMMA = YES;
				CLANG_WARN_CONSTANT_CONVERSION = YES;
				CLANG_WARN_DEPRECATED_OBJC_IMPLEMENTATIONS = YES;
				CLANG_WARN_DIRECT_OBJC_ISA_USAGE = YES_ERROR;
				CLANG_WARN_DOCUMENTATION_COMMENTS = YES;
				CLANG_WARN_EMPTY_BODY = YES;
				CLANG_WARN_ENUM_CONVERSION = YES;
				CLANG_WARN_INFINITE_RECURSION = YES;
				CLANG_WARN_INT_CONVERSION = YES;
				CLANG_WARN_NON_LITERAL_NULL_CONVERSION = YES;
				CLANG_WARN_OBJC_IMPLICIT_RETAIN_SELF = YES;
				CLANG_WARN_OBJC_LITERAL_CONVERSION = YES;
				CLANG_WARN_OBJC_ROOT_CLASS = YES_ERROR;
				CLANG_WARN_QUOTED_INCLUDE_IN_FRAMEWORK_HEADER = YES;
				CLANG_WARN_RANGE_LOOP_ANALYSIS = YES;
				CLANG_WARN_STRICT_PROTOTYPES = YES;
				CLANG_WARN_SUSPICIOUS_MOVE = YES;
				CLANG_WARN_UNGUARDED_AVAILABILITY = YES_AGGRESSIVE;
				CLANG_WARN_UNREACHABLE_CODE = YES;
				CLANG_WARN__DUPLICATE_METHOD_MATCH = YES;
				COPY_PHASE_STRIP = NO;
				DEBUG_INFORMATION_FORMAT = "dwarf-with-dsym";
				ENABLE_NS_ASSERTIONS = NO;
				ENABLE_STRICT_OBJC_MSGSEND = YES;
				ENABLE_USER_SCRIPT_SANDBOXING = YES;
				GCC_C_LANGUAGE_STANDARD = gnu17;
				GCC_NO_COMMON_BLOCKS = YES;
				GCC_WARN_64_TO_32_BIT_CONVERSION = YES;
				GCC_WARN_ABOUT_RETURN_TYPE = YES_ERROR;
				GCC_WARN_UNDECLARED_SELECTOR = YES;
				GCC_WARN_UNINITIALIZED_AUTOS = YES_AGGRESSIVE;
				GCC_WARN_UNUSED_FUNCTION = YES;
				GCC_WARN_UNUSED_VARIABLE = YES;
				IPHONEOS_DEPLOYMENT_TARGET = 17.2;
				LOCALIZATION_PREFERS_STRING_CATALOGS = YES;
				MTL_ENABLE_DEBUG_INFO = NO;
				MTL_FAST_MATH = YES;
				SDKROOT = iphoneos;
				SWIFT_COMPILATION_MODE = wholemodule;
				VALIDATE_PRODUCT = YES;
			};
			name = Release;
		};
		150F59362ACDCFE600F4DC65 /* Debug */ = {
			isa = XCBuildConfiguration;
			buildSettings = {
				ASSETCATALOG_COMPILER_APPICON_NAME = AppIcon;
				ASSETCATALOG_COMPILER_GLOBAL_ACCENT_COLOR_NAME = AccentColor;
				CODE_SIGN_STYLE = Automatic;
				CURRENT_PROJECT_VERSION = 1;
				DEVELOPMENT_ASSET_PATHS = "\"Victus/Preview Content\"";
				DEVELOPMENT_TEAM = RGP23Q62BT;
				ENABLE_PREVIEWS = YES;
				GENERATE_INFOPLIST_FILE = YES;
				INFOPLIST_KEY_UIApplicationSceneManifest_Generation = YES;
				INFOPLIST_KEY_UIApplicationSupportsIndirectInputEvents = YES;
				INFOPLIST_KEY_UILaunchScreen_Generation = YES;
				INFOPLIST_KEY_UISupportedInterfaceOrientations_iPad = "UIInterfaceOrientationPortrait UIInterfaceOrientationPortraitUpsideDown UIInterfaceOrientationLandscapeLeft UIInterfaceOrientationLandscapeRight";
				INFOPLIST_KEY_UISupportedInterfaceOrientations_iPhone = "UIInterfaceOrientationPortrait UIInterfaceOrientationLandscapeLeft UIInterfaceOrientationLandscapeRight";
				LD_RUNPATH_SEARCH_PATHS = (
					"$(inherited)",
					"@executable_path/Frameworks",
				);
				MARKETING_VERSION = 1.0;
				PRODUCT_BUNDLE_IDENTIFIER = me.zhalel.zhansen.Victus;
				PRODUCT_NAME = "$(TARGET_NAME)";
				SWIFT_EMIT_LOC_STRINGS = YES;
				SWIFT_VERSION = 5.0;
				TARGETED_DEVICE_FAMILY = "1,2";
			};
			name = Debug;
		};
		150F59372ACDCFE600F4DC65 /* Release */ = {
			isa = XCBuildConfiguration;
			buildSettings = {
				ASSETCATALOG_COMPILER_APPICON_NAME = AppIcon;
				ASSETCATALOG_COMPILER_GLOBAL_ACCENT_COLOR_NAME = AccentColor;
				CODE_SIGN_STYLE = Automatic;
				CURRENT_PROJECT_VERSION = 1;
				DEVELOPMENT_ASSET_PATHS = "\"Victus/Preview Content\"";
				DEVELOPMENT_TEAM = RGP23Q62BT;
				ENABLE_PREVIEWS = YES;
				GENERATE_INFOPLIST_FILE = YES;
				INFOPLIST_KEY_UIApplicationSceneManifest_Generation = YES;
				INFOPLIST_KEY_UIApplicationSupportsIndirectInputEvents = YES;
				INFOPLIST_KEY_UILaunchScreen_Generation = YES;
				INFOPLIST_KEY_UISupportedInterfaceOrientations_iPad = "UIInterfaceOrientationPortrait UIInterfaceOrientationPortraitUpsideDown UIInterfaceOrientationLandscapeLeft UIInterfaceOrientationLandscapeRight";
				INFOPLIST_KEY_UISupportedInterfaceOrientations_iPhone = "UIInterfaceOrientationPortrait UIInterfaceOrientationLandscapeLeft UIInterfaceOrientationLandscapeRight";
				LD_RUNPATH_SEARCH_PATHS = (
					"$(inherited)",
					"@executable_path/Frameworks",
				);
				MARKETING_VERSION = 1.0;
				PRODUCT_BUNDLE_IDENTIFIER = me.zhalel.zhansen.Victus;
				PRODUCT_NAME = "$(TARGET_NAME)";
				SWIFT_EMIT_LOC_STRINGS = YES;
				SWIFT_VERSION = 5.0;
				TARGETED_DEVICE_FAMILY = "1,2";
			};
			name = Release;
		};
/* End XCBuildConfiguration section */

/* Begin XCConfigurationList section */
		150F59222ACDCFE500F4DC65 /* Build configuration list for PBXProject "Victus" */ = {
			isa = XCConfigurationList;
			buildConfigurations = (
				150F59332ACDCFE600F4DC65 /* Debug */,
				150F59342ACDCFE600F4DC65 /* Release */,
			);
			defaultConfigurationIsVisible = 0;
			defaultConfigurationName = Release;
		};
		150F59352ACDCFE600F4DC65 /* Build configuration list for PBXNativeTarget "Victus" */ = {
			isa = XCConfigurationList;
			buildConfigurations = (
				150F59362ACDCFE600F4DC65 /* Debug */,
				150F59372ACDCFE600F4DC65 /* Release */,
			);
			defaultConfigurationIsVisible = 0;
			defaultConfigurationName = Release;
		};
/* End XCConfigurationList section */

/* Begin XCRemoteSwiftPackageReference section */
		156E1CB12B8B24B400F6715C /* XCRemoteSwiftPackageReference "Alamofire" */ = {
			isa = XCRemoteSwiftPackageReference;
			repositoryURL = "https://github.com/Alamofire/Alamofire";
			requirement = {
				kind = upToNextMajorVersion;
				minimumVersion = 5.8.1;
			};
		};
/* End XCRemoteSwiftPackageReference section */

/* Begin XCSwiftPackageProductDependency section */
		156E1CB22B8B24B400F6715C /* Alamofire */ = {
			isa = XCSwiftPackageProductDependency;
			package = 156E1CB12B8B24B400F6715C /* XCRemoteSwiftPackageReference "Alamofire" */;
			productName = Alamofire;
		};
/* End XCSwiftPackageProductDependency section */
	};
	rootObject = 150F591F2ACDCFE500F4DC65 /* Project object */;
}
